
Microsoft Visual Studio Solution File, Format Version 11.00
# Visual Studio 2010
Project("{FAE04EC0-301F-11D3-BF4B-00C04F79EFBC}") = "LuGe.DatabaseQuery", "LuGe.DatabaseQuery\LuGe.DatabaseQuery.csproj", "{81CF858A-F886-4EC3-B1B5-A694A269453C}"
EndProject
Global
	GlobalSection(SolutionConfigurationPlatforms) = preSolution
		Debug|Any CPU = Debug|Any CPU
		Release|Any CPU = Release|Any CPU
	EndGlobalSection
	GlobalSection(ProjectConfigurationPlatforms) = postSolution
		{81CF858A-F886-4EC3-B1B5-A694A269453C}.Debug|Any CPU.ActiveCfg = Debug|Any CPU
		{81CF858A-F886-4EC3-B1B5-A694A269453C}.Debug|Any CPU.Build.0 = Debug|Any CPU
		{81CF858A-F886-4EC3-B1B5-A694A269453C}.Release|Any CPU.ActiveCfg = Release|Any CPU
		{81CF858A-F886-4EC3-B1B5-A694A269453C}.Release|Any CPU.Build.0 = Release|Any CPU
	EndGlobalSection
	GlobalSection(SolutionProperties) = preSolution
		HideSolutionNode = FALSE
	EndGlobalSection
EndGlobal
